
Microsoft Visual Studio Solution File, Format Version 12.00
# Visual Studio 15
VisualStudioVersion = 15.0.28307.2017
MinimumVisualStudioVersion = 10.0.40219.1
Project("{8BC9CEB8-8B4A-11D0-8D11-00A0C91BC942}") = "1-1 Orientation", "1-1 Orientation\1-1 Orientation.vcxproj", "{5A2EB628-0A88-4557-A362-ACBDED22FF13}"
EndProject
Project("{8BC9CEB8-8B4A-11D0-8D11-00A0C91BC942}") = "1-6 Complex data", "1-6 Complex data\1-6 Complex data.vcxproj", "{00B19E42-C552-4470-A3B9-7017C731D45C}"
EndProject
Project("{8BC9CEB8-8B4A-11D0-8D11-00A0C91BC942}") = "1-9 Function", "1-9 Function\1-9 Function.vcxproj", "{95AF0F15-37C9-46D8-8A4E-641A07488A5C}"
EndProject
Project("{8BC9CEB8-8B4A-11D0-8D11-00A0C91BC942}") = "1-10 Build", "1-10 Build\1-10 Build.vcxproj", "{9F6E026B-3AD9-4E28-9860-846A75428E1C}"
EndProject
Project("{8BC9CEB8-8B4A-11D0-8D11-00A0C91BC942}") = "2-1 Class", "2-1 Class\2-1 Class.vcxproj", "{8261F892-F86D-4F30-B5EC-3249CC39A0EF}"
EndProject
Project("{8BC9CEB8-8B4A-11D0-8D11-00A0C91BC942}") = "2-3 Inheritance", "2-3 Inheritance\2-3 Inheritance.vcxproj", "{7867F2AD-6B61-4937-AFF6-410CE4D1F766}"
EndProject
Project("{8BC9CEB8-8B4A-11D0-8D11-00A0C91BC942}") = "2-4 Cast", "2-4 Cast\2-4 Cast.vcxproj", "{9372524F-7868-4D14-B0A9-674F4D304E7A}"
EndProject
Project("{8BC9CEB8-8B4A-11D0-8D11-00A0C91BC942}") = "2-5 Exception", "2-5 Exception\2-5 Exception.vcxproj", "{B6ADB9DC-0632-4D30-A544-5E1B3F78F173}"
EndProject
Project("{8BC9CEB8-8B4A-11D0-8D11-00A0C91BC942}") = "2-6 Templete", "2-6 Templete\2-6 Templete.vcxproj", "{B86D3CE0-4E45-4ECC-8746-C593BBA4034E}"
EndProject
Project("{8BC9CEB8-8B4A-11D0-8D11-00A0C91BC942}") = "2-8 STL", "2-8 STL\2-8 STL.vcxproj", "{58BE9D25-B82A-459D-90DF-10B84ACB5EBC}"
EndProject
Project("{8BC9CEB8-8B4A-11D0-8D11-00A0C91BC942}") = "3-8 Pointer", "3-8 Pointer\3-8 Pointer.vcxproj", "{C0133BA8-7FE6-4B0E-AF15-BC891352102C}"
EndProject
Global
	GlobalSection(SolutionConfigurationPlatforms) = preSolution
		Debug|x64 = Debug|x64
		Debug|x86 = Debug|x86
		Release|x64 = Release|x64
		Release|x86 = Release|x86
	EndGlobalSection
	GlobalSection(ProjectConfigurationPlatforms) = postSolution
		{5A2EB628-0A88-4557-A362-ACBDED22FF13}.Debug|x64.ActiveCfg = Debug|x64
		{5A2EB628-0A88-4557-A362-ACBDED22FF13}.Debug|x64.Build.0 = Debug|x64
		{5A2EB628-0A88-4557-A362-ACBDED22FF13}.Debug|x86.ActiveCfg = Debug|Win32
		{5A2EB628-0A88-4557-A362-ACBDED22FF13}.Debug|x86.Build.0 = Debug|Win32
		{5A2EB628-0A88-4557-A362-ACBDED22FF13}.Release|x64.ActiveCfg = Release|x64
		{5A2EB628-0A88-4557-A362-ACBDED22FF13}.Release|x64.Build.0 = Release|x64
		{5A2EB628-0A88-4557-A362-ACBDED22FF13}.Release|x86.ActiveCfg = Release|Win32
		{5A2EB628-0A88-4557-A362-ACBDED22FF13}.Release|x86.Build.0 = Release|Win32
		{00B19E42-C552-4470-A3B9-7017C731D45C}.Debug|x64.ActiveCfg = Debug|x64
		{00B19E42-C552-4470-A3B9-7017C731D45C}.Debug|x64.Build.0 = Debug|x64
		{00B19E42-C552-4470-A3B9-7017C731D45C}.Debug|x86.ActiveCfg = Debug|Win32
		{00B19E42-C552-4470-A3B9-7017C731D45C}.Debug|x86.Build.0 = Debug|Win32
		{00B19E42-C552-4470-A3B9-7017C731D45C}.Release|x64.ActiveCfg = Release|x64
		{00B19E42-C552-4470-A3B9-7017C731D45C}.Release|x64.Build.0 = Release|x64
		{00B19E42-C552-4470-A3B9-7017C731D45C}.Release|x86.ActiveCfg = Release|Win32
		{00B19E42-C552-4470-A3B9-7017C731D45C}.Release|x86.Build.0 = Release|Win32
		{95AF0F15-37C9-46D8-8A4E-641A07488A5C}.Debug|x64.ActiveCfg = Debug|x64
		{95AF0F15-37C9-46D8-8A4E-641A07488A5C}.Debug|x64.Build.0 = Debug|x64
		{95AF0F15-37C9-46D8-8A4E-641A07488A5C}.Debug|x86.ActiveCfg = Debug|Win32
		{95AF0F15-37C9-46D8-8A4E-641A07488A5C}.Debug|x86.Build.0 = Debug|Win32
		{95AF0F15-37C9-46D8-8A4E-641A07488A5C}.Release|x64.ActiveCfg = Release|x64
		{95AF0F15-37C9-46D8-8A4E-641A07488A5C}.Release|x64.Build.0 = Release|x64
		{95AF0F15-37C9-46D8-8A4E-641A07488A5C}.Release|x86.ActiveCfg = Release|Win32
		{95AF0F15-37C9-46D8-8A4E-641A07488A5C}.Release|x86.Build.0 = Release|Win32
		{9F6E026B-3AD9-4E28-9860-846A75428E1C}.Debug|x64.ActiveCfg = Debug|x64
		{9F6E026B-3AD9-4E28-9860-846A75428E1C}.Debug|x64.Build.0 = Debug|x64
		{9F6E026B-3AD9-4E28-9860-846A75428E1C}.Debug|x86.ActiveCfg = Debug|Win32
		{9F6E026B-3AD9-4E28-9860-846A75428E1C}.Debug|x86.Build.0 = Debug|Win32
		{9F6E026B-3AD9-4E28-9860-846A75428E1C}.Release|x64.ActiveCfg = Release|x64
		{9F6E026B-3AD9-4E28-9860-846A75428E1C}.Release|x64.Build.0 = Release|x64
		{9F6E026B-3AD9-4E28-9860-846A75428E1C}.Release|x86.ActiveCfg = Release|Win32
		{9F6E026B-3AD9-4E28-9860-846A75428E1C}.Release|x86.Build.0 = Release|Win32
		{8261F892-F86D-4F30-B5EC-3249CC39A0EF}.Debug|x64.ActiveCfg = Debug|x64
		{8261F892-F86D-4F30-B5EC-3249CC39A0EF}.Debug|x64.Build.0 = Debug|x64
		{8261F892-F86D-4F30-B5EC-3249CC39A0EF}.Debug|x86.ActiveCfg = Debug|Win32
		{8261F892-F86D-4F30-B5EC-3249CC39A0EF}.Debug|x86.Build.0 = Debug|Win32
		{8261F892-F86D-4F30-B5EC-3249CC39A0EF}.Release|x64.ActiveCfg = Release|x64
		{8261F892-F86D-4F30-B5EC-3249CC39A0EF}.Release|x64.Build.0 = Release|x64
		{8261F892-F86D-4F30-B5EC-3249CC39A0EF}.Release|x86.ActiveCfg = Release|Win32
		{8261F892-F86D-4F30-B5EC-3249CC39A0EF}.Release|x86.Build.0 = Release|Win32
		{7867F2AD-6B61-4937-AFF6-410CE4D1F766}.Debug|x64.ActiveCfg = Debug|x64
		{7867F2AD-6B61-4937-AFF6-410CE4D1F766}.Debug|x64.Build.0 = Debug|x64
		{7867F2AD-6B61-4937-AFF6-410CE4D1F766}.Debug|x86.ActiveCfg = Debug|Win32
		{7867F2AD-6B61-4937-AFF6-410CE4D1F766}.Debug|x86.Build.0 = Debug|Win32
		{7867F2AD-6B61-4937-AFF6-410CE4D1F766}.Release|x64.ActiveCfg = Release|x64
		{7867F2AD-6B61-4937-AFF6-410CE4D1F766}.Release|x64.Build.0 = Release|x64
		{7867F2AD-6B61-4937-AFF6-410CE4D1F766}.Release|x86.ActiveCfg = Release|Win32
		{7867F2AD-6B61-4937-AFF6-410CE4D1F766}.Release|x86.Build.0 = Release|Win32
		{9372524F-7868-4D14-B0A9-674F4D304E7A}.Debug|x64.ActiveCfg = Debug|x64
		{9372524F-7868-4D14-B0A9-674F4D304E7A}.Debug|x64.Build.0 = Debug|x64
		{9372524F-7868-4D14-B0A9-674F4D304E7A}.Debug|x86.ActiveCfg = Debug|Win32
		{9372524F-7868-4D14-B0A9-674F4D304E7A}.Debug|x86.Build.0 = Debug|Win32
		{9372524F-7868-4D14-B0A9-674F4D304E7A}.Release|x64.ActiveCfg = Release|x64
		{9372524F-7868-4D14-B0A9-674F4D304E7A}.Release|x64.Build.0 = Release|x64
		{9372524F-7868-4D14-B0A9-674F4D304E7A}.Release|x86.ActiveCfg = Release|Win32
		{9372524F-7868-4D14-B0A9-674F4D304E7A}.Release|x86.Build.0 = Release|Win32
		{B6ADB9DC-0632-4D30-A544-5E1B3F78F173}.Debug|x64.ActiveCfg = Debug|x64
		{B6ADB9DC-0632-4D30-A544-5E1B3F78F173}.Debug|x64.Build.0 = Debug|x64
		{B6ADB9DC-0632-4D30-A544-5E1B3F78F173}.Debug|x86.ActiveCfg = Debug|Win32
		{B6ADB9DC-0632-4D30-A544-5E1B3F78F173}.Debug|x86.Build.0 = Debug|Win32
		{B6ADB9DC-0632-4D30-A544-5E1B3F78F173}.Release|x64.ActiveCfg = Release|x64
		{B6ADB9DC-0632-4D30-A544-5E1B3F78F173}.Release|x64.Build.0 = Release|x64
		{B6ADB9DC-0632-4D30-A544-5E1B3F78F173}.Release|x86.ActiveCfg = Release|Win32
		{B6ADB9DC-0632-4D30-A544-5E1B3F78F173}.Release|x86.Build.0 = Release|Win32
		{B86D3CE0-4E45-4ECC-8746-C593BBA4034E}.Debug|x64.ActiveCfg = Debug|x64
		{B86D3CE0-4E45-4ECC-8746-C593BBA4034E}.Debug|x64.Build.0 = Debug|x64
		{B86D3CE0-4E45-4ECC-8746-C593BBA4034E}.Debug|x86.ActiveCfg = Debug|Win32
		{B86D3CE0-4E45-4ECC-8746-C593BBA4034E}.Debug|x86.Build.0 = Debug|Win32
		{B86D3CE0-4E45-4ECC-8746-C593BBA4034E}.Release|x64.ActiveCfg = Release|x64
		{B86D3CE0-4E45-4ECC-8746-C593BBA4034E}.Release|x64.Build.0 = Release|x64
		{B86D3CE0-4E45-4ECC-8746-C593BBA4034E}.Release|x86.ActiveCfg = Release|Win32
		{B86D3CE0-4E45-4ECC-8746-C593BBA4034E}.Release|x86.Build.0 = Release|Win32
		{58BE9D25-B82A-459D-90DF-10B84ACB5EBC}.Debug|x64.ActiveCfg = Debug|x64
		{58BE9D25-B82A-459D-90DF-10B84ACB5EBC}.Debug|x64.Build.0 = Debug|x64
		{58BE9D25-B82A-459D-90DF-10B84ACB5EBC}.Debug|x86.ActiveCfg = Debug|Win32
		{58BE9D25-B82A-459D-90DF-10B84ACB5EBC}.Debug|x86.Build.0 = Debug|Win32
		{58BE9D25-B82A-459D-90DF-10B84ACB5EBC}.Release|x64.ActiveCfg = Release|x64
		{58BE9D25-B82A-459D-90DF-10B84ACB5EBC}.Release|x64.Build.0 = Release|x64
		{58BE9D25-B82A-459D-90DF-10B84ACB5EBC}.Release|x86.ActiveCfg = Release|Win32
		{58BE9D25-B82A-459D-90DF-10B84ACB5EBC}.Release|x86.Build.0 = Release|Win32
		{C0133BA8-7FE6-4B0E-AF15-BC891352102C}.Debug|x64.ActiveCfg = Debug|x64
		{C0133BA8-7FE6-4B0E-AF15-BC891352102C}.Debug|x64.Build.0 = Debug|x64
		{C0133BA8-7FE6-4B0E-AF15-BC891352102C}.Debug|x86.ActiveCfg = Debug|Win32
		{C0133BA8-7FE6-4B0E-AF15-BC891352102C}.Debug|x86.Build.0 = Debug|Win32
		{C0133BA8-7FE6-4B0E-AF15-BC891352102C}.Release|x64.ActiveCfg = Release|x64
		{C0133BA8-7FE6-4B0E-AF15-BC891352102C}.Release|x64.Build.0 = Release|x64
		{C0133BA8-7FE6-4B0E-AF15-BC891352102C}.Release|x86.ActiveCfg = Release|Win32
		{C0133BA8-7FE6-4B0E-AF15-BC891352102C}.Release|x86.Build.0 = Release|Win32
	EndGlobalSection
	GlobalSection(SolutionProperties) = preSolution
		HideSolutionNode = FALSE
	EndGlobalSection
	GlobalSection(ExtensibilityGlobals) = postSolution
		SolutionGuid = {FFE7BD0C-5524-4FA8-8E6D-C5EC6526401E}
	EndGlobalSection
EndGlobal
